{
  "object": {
    "pins": [
      {
        "package": "PerfectMySQL",
        "repositoryURL": "https://github.com/PerfectlySoft/Perfect-MySQL.git",
        "state": {
          "branch": null,
          "revision": "7c4d7197fb60194cff9d23b7b5ac9b7b5106240b",
          "version": "3.0.0"
        }
      },
      {
        "package": "mysqlclient",
        "repositoryURL": "https://github.com/PerfectlySoft/Perfect-mysqlclient-Linux.git",
        "state": {
          "branch": null,
          "revision": "b35cf9671ae9ceb6dec05900b8a69e53ed1985d7",
          "version": "2.0.1"
        }
      },
      {
        "package": "ZEGBot",
        "repositoryURL": "https://github.com/shaneqi/ZEGBot.git",
        "state": {
          "branch": "develop",
          "revision": "aff56d6ef17911444628569d07bc48a4d5987217",
          "version": null
        }
      }
    ]
  },
  "version": 1
}
