{
  "object": {
    "pins": [
      {
        "package": "ZEGBot",
        "repositoryURL": "https://github.com/shaneqi/ZEGBot.git",
        "state": {
          "branch": null,
          "revision": "c211bcf561ea839ae62450d486cd4f799a6bcc9c",
          "version": "4.2.7"
        }
      }
    ]
  },
  "version": 1
}
